
Microsoft Visual Studio Solution File, Format Version 12.00
# Visual Studio Version 17
VisualStudioVersion = 17.0.31903.59
MinimumVisualStudioVersion = 10.0.40219.1
Project("{2150E333-8FDC-42A3-9474-1A3956D46DE8}") = "apps", "apps", "{1787FE1D-075E-9E68-7218-25F1BD1BBEAB}"
	ProjectSection(SolutionItems) = preProject
		dev.cs = dev.cs
	EndProjectSection
EndProject
Project("{FAE04EC0-301F-11D3-BF4B-00C04F79EFBC}") = "Authorization", "apps\Authorization\Authorization.csproj", "{136F6604-E440-4FC9-B259-EB1E2B9B64F0}"
EndProject
Global
	GlobalSection(SolutionConfigurationPlatforms) = preSolution
		Debug|Any CPU = Debug|Any CPU
		Release|Any CPU = Release|Any CPU
	EndGlobalSection
	GlobalSection(ProjectConfigurationPlatforms) = postSolution
		{136F6604-E440-4FC9-B259-EB1E2B9B64F0}.Debug|Any CPU.ActiveCfg = Debug|Any CPU
		{136F6604-E440-4FC9-B259-EB1E2B9B64F0}.Debug|Any CPU.Build.0 = Debug|Any CPU
		{136F6604-E440-4FC9-B259-EB1E2B9B64F0}.Release|Any CPU.ActiveCfg = Release|Any CPU
		{136F6604-E440-4FC9-B259-EB1E2B9B64F0}.Release|Any CPU.Build.0 = Release|Any CPU
	EndGlobalSection
	GlobalSection(SolutionProperties) = preSolution
		HideSolutionNode = FALSE
	EndGlobalSection
	GlobalSection(NestedProjects) = preSolution
		{136F6604-E440-4FC9-B259-EB1E2B9B64F0} = {1787FE1D-075E-9E68-7218-25F1BD1BBEAB}
	EndGlobalSection
	GlobalSection(ExtensibilityGlobals) = postSolution
		SolutionGuid = {35241756-58B7-4CB3-B267-058C81AEB5DA}
	EndGlobalSection
EndGlobal
