<Solution>
  <Folder Name="/Apps/" />
  <Folder Name="/Apps/Authorization/" />
  <Folder Name="/Apps/Authorization/Clients/" />
  <Folder Name="/Apps/Authorization/Clients/Web/">
    <Project Path="Apps/Authorization/Clients/Web/External/External.csproj" />
  </Folder>
  <Folder Name="/Apps/Authorization/Core/">
    <Project Path="Apps/Authorization/Core/Core.csproj" />
  </Folder>
  <Folder Name="/Packages/">
    <Project Path="Packages/Libs/Libs.csproj" />
  </Folder>
  <Folder Name="/Packages/Db/" />
  <Folder Name="/Packages/Db/Auth/">
    <Project Path="Packages/Db/Auth/AuthDb.csproj" />
  </Folder>
</Solution>