<Solution>
  <Folder Name="/Apps/" />
  <Folder Name="/Apps/Authorization/" />
  <Folder Name="/Apps/Authorization/Clients/" />
  <Folder Name="/Apps/Authorization/Clients/Web/">
    <Project Path="Apps/Authorization/Clients/Web/External/External.csproj" />
  </Folder>
  <Folder Name="/Apps/Authorization/Core/">
    <Project Path="Apps/Authorization/Core/Core.csproj" />
  </Folder>
  <Folder Name="/Packages/" />
  <Folder Name="/Packages/Db/">
    <Project Path="Packages/Db/Auth/Auth.csproj" />
  </Folder>
</Solution>